
Microsoft Visual Studio Solution File, Format Version 12.00
# Visual Studio Version 17
VisualStudioVersion = 17.14.36414.22 d17.14
MinimumVisualStudioVersion = 10.0.40219.1
Project("{FAE04EC0-301F-11D3-BF4B-00C04F79EFBC}") = "2.03", "2.03\2.03.csproj", "{8A9E6193-DF76-4946-9A23-535EE1E26A3E}"
EndProject
Global
	GlobalSection(SolutionConfigurationPlatforms) = preSolution
		Debug|Any CPU = Debug|Any CPU
		Release|Any CPU = Release|Any CPU
	EndGlobalSection
	GlobalSection(ProjectConfigurationPlatforms) = postSolution
		{8A9E6193-DF76-4946-9A23-535EE1E26A3E}.Debug|Any CPU.ActiveCfg = Debug|Any CPU
		{8A9E6193-DF76-4946-9A23-535EE1E26A3E}.Debug|Any CPU.Build.0 = Debug|Any CPU
		{8A9E6193-DF76-4946-9A23-535EE1E26A3E}.Release|Any CPU.ActiveCfg = Release|Any CPU
		{8A9E6193-DF76-4946-9A23-535EE1E26A3E}.Release|Any CPU.Build.0 = Release|Any CPU
	EndGlobalSection
	GlobalSection(SolutionProperties) = preSolution
		HideSolutionNode = FALSE
	EndGlobalSection
	GlobalSection(ExtensibilityGlobals) = postSolution
		SolutionGuid = {2DF412BB-4F37-4D97-9682-992C14591CD4}
	EndGlobalSection
EndGlobal
