
Microsoft Visual Studio Solution File, Format Version 12.00
# Visual Studio Version 17
VisualStudioVersion = 17.14.36414.22 d17.14
MinimumVisualStudioVersion = 10.0.40219.1
Project("{FAE04EC0-301F-11D3-BF4B-00C04F79EFBC}") = "Polimorfyzm", "Polimorfyzm\Polimorfyzm.csproj", "{6D398DDA-4E1C-45A0-ABE5-EA7CFB81E5D4}"
EndProject
Project("{FAE04EC0-301F-11D3-BF4B-00C04F79EFBC}") = "Polimorf2", "Polimorf2\Polimorf2.csproj", "{D75CCAA6-7051-42DA-96BC-9199A018AEBC}"
EndProject
Project("{FAE04EC0-301F-11D3-BF4B-00C04F79EFBC}") = "poli3", "poli3\poli3.csproj", "{3BEE64E1-D867-4FF8-9264-3BA5D2DF9666}"
EndProject
Global
	GlobalSection(SolutionConfigurationPlatforms) = preSolution
		Debug|Any CPU = Debug|Any CPU
		Release|Any CPU = Release|Any CPU
	EndGlobalSection
	GlobalSection(ProjectConfigurationPlatforms) = postSolution
		{6D398DDA-4E1C-45A0-ABE5-EA7CFB81E5D4}.Debug|Any CPU.ActiveCfg = Debug|Any CPU
		{6D398DDA-4E1C-45A0-ABE5-EA7CFB81E5D4}.Debug|Any CPU.Build.0 = Debug|Any CPU
		{6D398DDA-4E1C-45A0-ABE5-EA7CFB81E5D4}.Release|Any CPU.ActiveCfg = Release|Any CPU
		{6D398DDA-4E1C-45A0-ABE5-EA7CFB81E5D4}.Release|Any CPU.Build.0 = Release|Any CPU
		{D75CCAA6-7051-42DA-96BC-9199A018AEBC}.Debug|Any CPU.ActiveCfg = Debug|Any CPU
		{D75CCAA6-7051-42DA-96BC-9199A018AEBC}.Debug|Any CPU.Build.0 = Debug|Any CPU
		{D75CCAA6-7051-42DA-96BC-9199A018AEBC}.Release|Any CPU.ActiveCfg = Release|Any CPU
		{D75CCAA6-7051-42DA-96BC-9199A018AEBC}.Release|Any CPU.Build.0 = Release|Any CPU
		{3BEE64E1-D867-4FF8-9264-3BA5D2DF9666}.Debug|Any CPU.ActiveCfg = Debug|Any CPU
		{3BEE64E1-D867-4FF8-9264-3BA5D2DF9666}.Debug|Any CPU.Build.0 = Debug|Any CPU
		{3BEE64E1-D867-4FF8-9264-3BA5D2DF9666}.Release|Any CPU.ActiveCfg = Release|Any CPU
		{3BEE64E1-D867-4FF8-9264-3BA5D2DF9666}.Release|Any CPU.Build.0 = Release|Any CPU
	EndGlobalSection
	GlobalSection(SolutionProperties) = preSolution
		HideSolutionNode = FALSE
	EndGlobalSection
	GlobalSection(ExtensibilityGlobals) = postSolution
		SolutionGuid = {C0B73387-13E2-43C7-9680-AD197244A253}
	EndGlobalSection
EndGlobal
